
Microsoft Visual Studio Solution File, Format Version 12.00
# Visual Studio Version 17
VisualStudioVersion = 17.0.31903.59
MinimumVisualStudioVersion = 10.0.40219.1
Project("{FAE04EC0-301F-11D3-BF4B-00C04F79EFBC}") = "TurboGit.Core", "TurboGit.Core\\TurboGit.Core.csproj", "{B1C2D3E4-F5A6-4789-A0B1-C2D3E4F5A6B7}"
EndProject
Project("{FAE04EC0-301F-11D3-BF4B-00C04F79EFBC}") = "TurboGit.Infrastructure", "TurboGit.Infrastructure\\TurboGit.Infrastructure.csproj", "{C1D2E3F4-A5B6-4789-A0B1-C2D3E4F5A6B7}"
EndProject
Project("{FAE04EC0-301F-11D3-BF4B-00C04F79EFBC}") = "TurboGit", "TurboGit\TurboGit.csproj", "{1F7E8057-36EB-4E57-9A1B-265897C270CA}"
EndProject
Project("{FAE04EC0-301F-11D3-BF4B-00C04F79EFBC}") = "TurboGit.Tests", "TurboGit.Tests\TurboGit.Tests.csproj", "{6BD7FF71-E66E-4951-9BA4-7C8D30C4B0F9}"
EndProject
Global
	GlobalSection(SolutionConfigurationPlatforms) = preSolution
		Debug|Any CPU = Debug|Any CPU
		Debug|x64 = Debug|x64
		Debug|x86 = Debug|x86
		Release|Any CPU = Release|Any CPU
		Release|x64 = Release|x64
		Release|x86 = Release|x86
	EndGlobalSection
	GlobalSection(ProjectConfigurationPlatforms) = postSolution
		{B1C2D3E4-F5A6-4789-A0B1-C2D3E4F5A6B7}.Debug|Any CPU.ActiveCfg = Debug|Any CPU
		{B1C2D3E4-F5A6-4789-A0B1-C2D3E4F5A6B7}.Debug|Any CPU.Build.0 = Debug|Any CPU
		{B1C2D3E4-F5A6-4789-A0B1-C2D3E4F5A6B7}.Debug|x64.ActiveCfg = Debug|Any CPU
		{B1C2D3E4-F5A6-4789-A0B1-C2D3E4F5A6B7}.Debug|x64.Build.0 = Debug|Any CPU
		{B1C2D3E4-F5A6-4789-A0B1-C2D3E4F5A6B7}.Debug|x86.ActiveCfg = Debug|Any CPU
		{B1C2D3E4-F5A6-4789-A0B1-C2D3E4F5A6B7}.Debug|x86.Build.0 = Debug|Any CPU
		{B1C2D3E4-F5A6-4789-A0B1-C2D3E4F5A6B7}.Release|Any CPU.ActiveCfg = Release|Any CPU
		{B1C2D3E4-F5A6-4789-A0B1-C2D3E4F5A6B7}.Release|Any CPU.Build.0 = Release|Any CPU
		{B1C2D3E4-F5A6-4789-A0B1-C2D3E4F5A6B7}.Release|x64.ActiveCfg = Release|Any CPU
		{B1C2D3E4-F5A6-4789-A0B1-C2D3E4F5A6B7}.Release|x64.Build.0 = Release|Any CPU
		{B1C2D3E4-F5A6-4789-A0B1-C2D3E4F5A6B7}.Release|x86.ActiveCfg = Release|Any CPU
		{B1C2D3E4-F5A6-4789-A0B1-C2D3E4F5A6B7}.Release|x86.Build.0 = Release|Any CPU
		{C1D2E3F4-A5B6-4789-A0B1-C2D3E4F5A6B7}.Debug|Any CPU.ActiveCfg = Debug|Any CPU
		{C1D2E3F4-A5B6-4789-A0B1-C2D3E4F5A6B7}.Debug|Any CPU.Build.0 = Debug|Any CPU
		{C1D2E3F4-A5B6-4789-A0B1-C2D3E4F5A6B7}.Debug|x64.ActiveCfg = Debug|Any CPU
		{C1D2E3F4-A5B6-4789-A0B1-C2D3E4F5A6B7}.Debug|x64.Build.0 = Debug|Any CPU
		{C1D2E3F4-A5B6-4789-A0B1-C2D3E4F5A6B7}.Debug|x86.ActiveCfg = Debug|Any CPU
		{C1D2E3F4-A5B6-4789-A0B1-C2D3E4F5A6B7}.Debug|x86.Build.0 = Debug|Any CPU
		{C1D2E3F4-A5B6-4789-A0B1-C2D3E4F5A6B7}.Release|Any CPU.ActiveCfg = Release|Any CPU
		{C1D2E3F4-A5B6-4789-A0B1-C2D3E4F5A6B7}.Release|Any CPU.Build.0 = Release|Any CPU
		{C1D2E3F4-A5B6-4789-A0B1-C2D3E4F5A6B7}.Release|x64.ActiveCfg = Release|Any CPU
		{C1D2E3F4-A5B6-4789-A0B1-C2D3E4F5A6B7}.Release|x64.Build.0 = Release|Any CPU
		{C1D2E3F4-A5B6-4789-A0B1-C2D3E4F5A6B7}.Release|x86.ActiveCfg = Release|Any CPU
		{C1D2E3F4-A5B6-4789-A0B1-C2D3E4F5A6B7}.Release|x86.Build.0 = Release|Any CPU
		{1F7E8057-36EB-4E57-9A1B-265897C270CA}.Debug|Any CPU.ActiveCfg = Debug|Any CPU
		{1F7E8057-36EB-4E57-9A1B-265897C270CA}.Debug|Any CPU.Build.0 = Debug|Any CPU
		{1F7E8057-36EB-4E57-9A1B-265897C270CA}.Debug|x64.ActiveCfg = Debug|Any CPU
		{1F7E8057-36EB-4E57-9A1B-265897C270CA}.Debug|x64.Build.0 = Debug|Any CPU
		{1F7E8057-36EB-4E57-9A1B-265897C270CA}.Debug|x86.ActiveCfg = Debug|Any CPU
		{1F7E8057-36EB-4E57-9A1B-265897C270CA}.Debug|x86.Build.0 = Debug|Any CPU
		{1F7E8057-36EB-4E57-9A1B-265897C270CA}.Release|Any CPU.ActiveCfg = Release|Any CPU
		{1F7E8057-36EB-4E57-9A1B-265897C270CA}.Release|Any CPU.Build.0 = Release|Any CPU
		{1F7E8057-36EB-4E57-9A1B-265897C270CA}.Release|x64.ActiveCfg = Release|Any CPU
		{1F7E8057-36EB-4E57-9A1B-265897C270CA}.Release|x64.Build.0 = Release|Any CPU
		{1F7E8057-36EB-4E57-9A1B-265897C270CA}.Release|x86.ActiveCfg = Release|Any CPU
		{1F7E8057-36EB-4E57-9A1B-265897C270CA}.Release|x86.Build.0 = Release|Any CPU
		{6BD7FF71-E66E-4951-9BA4-7C8D30C4B0F9}.Debug|Any CPU.ActiveCfg = Debug|Any CPU
		{6BD7FF71-E66E-4951-9BA4-7C8D30C4B0F9}.Debug|Any CPU.Build.0 = Debug|Any CPU
		{6BD7FF71-E66E-4951-9BA4-7C8D30C4B0F9}.Debug|x64.ActiveCfg = Debug|Any CPU
		{6BD7FF71-E66E-4951-9BA4-7C8D30C4B0F9}.Debug|x64.Build.0 = Debug|Any CPU
		{6BD7FF71-E66E-4951-9BA4-7C8D30C4B0F9}.Debug|x86.ActiveCfg = Debug|Any CPU
		{6BD7FF71-E66E-4951-9BA4-7C8D30C4B0F9}.Debug|x86.Build.0 = Debug|Any CPU
		{6BD7FF71-E66E-4951-9BA4-7C8D30C4B0F9}.Release|Any CPU.ActiveCfg = Release|Any CPU
		{6BD7FF71-E66E-4951-9BA4-7C8D30C4B0F9}.Release|Any CPU.Build.0 = Release|Any CPU
		{6BD7FF71-E66E-4951-9BA4-7C8D30C4B0F9}.Release|x64.ActiveCfg = Release|Any CPU
		{6BD7FF71-E66E-4951-9BA4-7C8D30C4B0F9}.Release|x64.Build.0 = Release|Any CPU
		{6BD7FF71-E66E-4951-9BA4-7C8D30C4B0F9}.Release|x86.ActiveCfg = Release|Any CPU
		{6BD7FF71-E66E-4951-9BA4-7C8D30C4B0F9}.Release|x86.Build.0 = Release|Any CPU
	EndGlobalSection
	GlobalSection(SolutionProperties) = preSolution
		HideSolutionNode = FALSE
	EndGlobalSection
EndGlobal
